
Microsoft Visual Studio Solution File, Format Version 12.00
# Visual Studio Version 17
VisualStudioVersion = 17.6.33829.357
MinimumVisualStudioVersion = 10.0.40219.1
Project("{9A19103F-16F7-4668-BE54-9A1E7A4F7556}") = "DealershipManagerApi", "DealershipManagerApi\DealershipManagerApi.csproj", "{AFBE3ECC-1903-46FB-BBE6-C3644DB25A92}"
EndProject
Project("{FAE04EC0-301F-11D3-BF4B-00C04F79EFBC}") = "DealershipManager.Tests", "DealershipManager.Tests\DealershipManager.Tests.csproj", "{3CC3150A-F845-434B-A193-F7FB79855878}"
EndProject
Global
	GlobalSection(SolutionConfigurationPlatforms) = preSolution
		Debug|Any CPU = Debug|Any CPU
		Release|Any CPU = Release|Any CPU
	EndGlobalSection
	GlobalSection(ProjectConfigurationPlatforms) = postSolution
		{AFBE3ECC-1903-46FB-BBE6-C3644DB25A92}.Debug|Any CPU.ActiveCfg = Debug|Any CPU
		{AFBE3ECC-1903-46FB-BBE6-C3644DB25A92}.Debug|Any CPU.Build.0 = Debug|Any CPU
		{AFBE3ECC-1903-46FB-BBE6-C3644DB25A92}.Release|Any CPU.ActiveCfg = Release|Any CPU
		{AFBE3ECC-1903-46FB-BBE6-C3644DB25A92}.Release|Any CPU.Build.0 = Release|Any CPU
		{3CC3150A-F845-434B-A193-F7FB79855878}.Debug|Any CPU.ActiveCfg = Debug|Any CPU
		{3CC3150A-F845-434B-A193-F7FB79855878}.Debug|Any CPU.Build.0 = Debug|Any CPU
		{3CC3150A-F845-434B-A193-F7FB79855878}.Release|Any CPU.ActiveCfg = Release|Any CPU
		{3CC3150A-F845-434B-A193-F7FB79855878}.Release|Any CPU.Build.0 = Release|Any CPU
	EndGlobalSection
	GlobalSection(SolutionProperties) = preSolution
		HideSolutionNode = FALSE
	EndGlobalSection
	GlobalSection(ExtensibilityGlobals) = postSolution
		SolutionGuid = {6B2E2332-897A-4A2E-AB08-2448A2AB1B2E}
	EndGlobalSection
EndGlobal
